Microsoft Visual Studio Solution File, Format Version 11.00
# Visual Studio 2008

Project("{95950FE3-7130-A02C-513D-5E33B8B37FBD}") = "UnityBuild", "Assembly-CSharp-firstpass.csproj", "{46426FF7-A49F-6604-1031-D03AEF7A1F05}"
EndProject
Project("{95950FE3-7130-A02C-513D-5E33B8B37FBD}") = "UnityBuild", "Assembly-CSharp.csproj", "{0061A329-08AA-CD24-95EB-C64E1C5707CB}"
<<<<<<< HEAD
EndProject
Project("{95950FE3-7130-A02C-513D-5E33B8B37FBD}") = "UnityBuild", "Assembly-UnityScript-firstpass.unityproj", "{DC11D9C6-CC42-DF85-9499-2C97D557E8AF}"
=======
>>>>>>> b15d5f9f23c9b2a5b54cbad6069f5f755b298724
EndProject
Project("{95950FE3-7130-A02C-513D-5E33B8B37FBD}") = "UnityBuild", "Assembly-UnityScript-firstpass.unityproj", "{DC11D9C6-CC42-DF85-9499-2C97D557E8AF}"
EndProject
Global
	GlobalSection(SolutionConfigurationPlatforms) = preSolution
		Debug|Any CPU = Debug|Any CPU
		Release|Any CPU = Release|Any CPU
	EndGlobalSection
	GlobalSection(ProjectConfigurationPlatforms) = postSolution
		{46426FF7-A49F-6604-1031-D03AEF7A1F05}.Debug|Any CPU.ActiveCfg = Debug|Any CPU
		{46426FF7-A49F-6604-1031-D03AEF7A1F05}.Debug|Any CPU.Build.0 = Debug|Any CPU
		{46426FF7-A49F-6604-1031-D03AEF7A1F05}.Release|Any CPU.ActiveCfg = Release|Any CPU
		{46426FF7-A49F-6604-1031-D03AEF7A1F05}.Release|Any CPU.Build.0 = Release|Any CPU
		{0061A329-08AA-CD24-95EB-C64E1C5707CB}.Debug|Any CPU.ActiveCfg = Debug|Any CPU
		{0061A329-08AA-CD24-95EB-C64E1C5707CB}.Debug|Any CPU.Build.0 = Debug|Any CPU
		{0061A329-08AA-CD24-95EB-C64E1C5707CB}.Release|Any CPU.ActiveCfg = Release|Any CPU
		{0061A329-08AA-CD24-95EB-C64E1C5707CB}.Release|Any CPU.Build.0 = Release|Any CPU
		{DC11D9C6-CC42-DF85-9499-2C97D557E8AF}.Debug|Any CPU.ActiveCfg = Debug|Any CPU
		{DC11D9C6-CC42-DF85-9499-2C97D557E8AF}.Debug|Any CPU.Build.0 = Debug|Any CPU
		{DC11D9C6-CC42-DF85-9499-2C97D557E8AF}.Release|Any CPU.ActiveCfg = Release|Any CPU
		{DC11D9C6-CC42-DF85-9499-2C97D557E8AF}.Release|Any CPU.Build.0 = Release|Any CPU
	EndGlobalSection
	GlobalSection(SolutionProperties) = preSolution
		HideSolutionNode = FALSE
	EndGlobalSection
<<<<<<< HEAD
										GlobalSection(MonoDevelopProperties) = preSolution
=======
												GlobalSection(MonoDevelopProperties) = preSolution
>>>>>>> b15d5f9f23c9b2a5b54cbad6069f5f755b298724
		StartupItem = Assembly-CSharp.csproj
		Policies = $0
		$0.TextStylePolicy = $1
		$1.inheritsSet = null
		$1.scope = text/x-csharp
		$0.CSharpFormattingPolicy = $2
		$2.inheritsSet = Mono
		$2.inheritsScope = text/x-csharp
		$2.scope = text/x-csharp
		$0.TextStylePolicy = $3
		$3.FileWidth = 120
		$3.TabWidth = 4
		$3.EolMarker = Unix
		$3.inheritsSet = Mono
		$3.inheritsScope = text/plain
		$3.scope = text/plain
	EndGlobalSection

EndGlobal
